{
  "lockfile_version": "1",
  "packages": {
    "arrow-cpp@latest": {
      "last_modified": "2025-11-23T21:50:36Z",
      "resolved": "github:NixOS/nixpkgs/ee09932cedcef15aaf476f9343d1dea2cb77e261#arrow-cpp",
      "source": "devbox-search",
      "version": "20.0.0",
      "systems": {
        "aarch64-darwin": {
          "outputs": [
            {
              "name": "out",
              "path": "/nix/store/4fy1lq5pp28wrvjfdym1i8wcnpa7q9c5-arrow-cpp-20.0.0",
              "default": true
            }
          ],
          "store_path": "/nix/store/4fy1lq5pp28wrvjfdym1i8wcnpa7q9c5-arrow-cpp-20.0.0"
        },
        "aarch64-linux": {
          "outputs": [
            {
              "name": "out",
              "path": "/nix/store/qcpfbr9bwrswmkqbyyhvqly3vs4b72if-arrow-cpp-20.0.0",
              "default": true
            }
          ],
          "store_path": "/nix/store/qcpfbr9bwrswmkqbyyhvqly3vs4b72if-arrow-cpp-20.0.0"
        },
        "x86_64-darwin": {
          "outputs": [
            {
              "name": "out",
              "path": "/nix/store/iacsinwcfg8xj67viqpwvsv30j3ds9w7-arrow-cpp-20.0.0",
              "default": true
            }
          ],
          "store_path": "/nix/store/iacsinwcfg8xj67viqpwvsv30j3ds9w7-arrow-cpp-20.0.0"
        },
        "x86_64-linux": {
          "outputs": [
            {
              "name": "out",
              "path": "/nix/store/2fp6b85bfbwbb6vcx4c545sywvlv3qa0-arrow-cpp-20.0.0",
              "default": true
            }
          ],
          "store_path": "/nix/store/2fp6b85bfbwbb6vcx4c545sywvlv3qa0-arrow-cpp-20.0.0"
        }
      }
    },
    "clang-tools@latest": {
      "last_modified": "2025-12-29T16:45:58Z",
      "resolved": "github:NixOS/nixpkgs/346dd96ad74dc4457a9db9de4f4f57dab2e5731d#clang-tools",
      "source": "devbox-search",
      "version": "21.1.2",
      "systems": {
        "aarch64-darwin": {
          "outputs": [
            {
              "name": "out",
              "path": "/nix/store/vq14s74cnvpy12n8clq24wbg9crvpwwn-clang-tools-21.1.2",
              "default": true
            }
          ],
          "store_path": "/nix/store/vq14s74cnvpy12n8clq24wbg9crvpwwn-clang-tools-21.1.2"
        },
        "aarch64-linux": {
          "outputs": [
            {
              "name": "out",
              "path": "/nix/store/p3f17zxadjnrh2y0jb58k3zs4zlr29ly-clang-tools-21.1.2",
              "default": true
            }
          ],
          "store_path": "/nix/store/p3f17zxadjnrh2y0jb58k3zs4zlr29ly-clang-tools-21.1.2"
        },
        "x86_64-darwin": {
          "outputs": [
            {
              "name": "out",
              "path": "/nix/store/nj57crnar27q1jbfk1waw471ap3ir9zc-clang-tools-21.1.2",
              "default": true
            }
          ],
          "store_path": "/nix/store/nj57crnar27q1jbfk1waw471ap3ir9zc-clang-tools-21.1.2"
        },
        "x86_64-linux": {
          "outputs": [
            {
              "name": "out",
              "path": "/nix/store/n0pl3y0x06zgxq4a65bslvaqy3rn0j8f-clang-tools-21.1.2",
              "default": true
            }
          ],
          "store_path": "/nix/store/n0pl3y0x06zgxq4a65bslvaqy3rn0j8f-clang-tools-21.1.2"
        }
      }
    },
    "clang@latest": {
      "last_modified": "2025-11-23T21:50:36Z",
      "resolved": "github:NixOS/nixpkgs/ee09932cedcef15aaf476f9343d1dea2cb77e261#clang",
      "source": "devbox-search",
      "version": "21.1.2",
      "systems": {
        "aarch64-darwin": {
          "outputs": [
            {
              "name": "out",
              "path": "/nix/store/qk20nysrc2170f1mal5k6r0axqn6jmfj-clang-wrapper-21.1.2",
              "default": true
            }
          ],
          "store_path": "/nix/store/qk20nysrc2170f1mal5k6r0axqn6jmfj-clang-wrapper-21.1.2"
        },
        "aarch64-linux": {
          "outputs": [
            {
              "name": "out",
              "path": "/nix/store/wkcizi40n6zh5yiq0kvhyzw3yxrvlg2z-clang-wrapper-21.1.2",
              "default": true
            }
          ],
          "store_path": "/nix/store/wkcizi40n6zh5yiq0kvhyzw3yxrvlg2z-clang-wrapper-21.1.2"
        },
        "x86_64-darwin": {
          "outputs": [
            {
              "name": "out",
              "path": "/nix/store/fvj17s7clsf2n4rhyq0qqcrqhzybdqrz-clang-wrapper-21.1.2",
              "default": true
            }
          ],
          "store_path": "/nix/store/fvj17s7clsf2n4rhyq0qqcrqhzybdqrz-clang-wrapper-21.1.2"
        },
        "x86_64-linux": {
          "outputs": [
            {
              "name": "out",
              "path": "/nix/store/sqlnjj8c3n3si3sjnadhdbcwgrk97g2w-clang-wrapper-21.1.2",
              "default": true
            }
          ],
          "store_path": "/nix/store/sqlnjj8c3n3si3sjnadhdbcwgrk97g2w-clang-wrapper-21.1.2"
        }
      }
    },
    "cmake@latest": {
      "last_modified": "2025-11-23T21:50:36Z",
      "resolved": "github:NixOS/nixpkgs/ee09932cedcef15aaf476f9343d1dea2cb77e261#cmake",
      "source": "devbox-search",
      "version": "4.1.2",
      "systems": {
        "aarch64-darwin": {
          "outputs": [
            {
              "name": "out",
              "path": "/nix/store/0v5vpvwbl94qv9447jz995i4n9mx4l63-cmake-4.1.2",
              "default": true
            }
          ],
          "store_path": "/nix/store/0v5vpvwbl94qv9447jz995i4n9mx4l63-cmake-4.1.2"
        },
        "aarch64-linux": {
          "outputs": [
            {
              "name": "out",
              "path": "/nix/store/ipjw0mbzcycidbw62gsz47cgivqxm2lv-cmake-4.1.2",
              "default": true
            },
            {
              "name": "debug",
              "path": "/nix/store/4m6l2qb5s7vyirybbn3c5k1rv2dww1vy-cmake-4.1.2-debug"
            }
          ],
          "store_path": "/nix/store/ipjw0mbzcycidbw62gsz47cgivqxm2lv-cmake-4.1.2"
        },
        "x86_64-darwin": {
          "outputs": [
            {
              "name": "out",
              "path": "/nix/store/i7c7r2g0zycvi7wh3rnw1dx3aglbvw2d-cmake-4.1.2",
              "default": true
            }
          ],
          "store_path": "/nix/store/i7c7r2g0zycvi7wh3rnw1dx3aglbvw2d-cmake-4.1.2"
        },
        "x86_64-linux": {
          "outputs": [
            {
              "name": "out",
              "path": "/nix/store/w9jm660dykns6hzrdhxmqfywnc9ail8g-cmake-4.1.2",
              "default": true
            },
            {
              "name": "debug",
              "path": "/nix/store/pnizhra0882ijp3nilvzdzbaa0ayq4hd-cmake-4.1.2-debug"
            }
          ],
          "store_path": "/nix/store/w9jm660dykns6hzrdhxmqfywnc9ail8g-cmake-4.1.2"
        }
      }
    },
    "github:NixOS/nixpkgs/nixpkgs-unstable": {
      "last_modified": "2026-01-02T14:39:32Z",
      "resolved": "github:NixOS/nixpkgs/16c7794d0a28b5a37904d55bcca36003b9109aaa?lastModified=1767364772&narHash=sha256-fFUnEYMla8b7UKjijLnMe%2BoVFOz6HjijGGNS1l7dYaQ%3D"
    },
    "rerun@latest": {
      "last_modified": "2025-12-21T10:48:17Z",
      "resolved": "github:NixOS/nixpkgs/306ea70f9eb0fb4e040f8540e2deab32ed7e2055#rerun",
      "source": "devbox-search",
      "version": "0.28.1",
      "systems": {
        "aarch64-darwin": {
          "outputs": [
            {
              "name": "out",
              "path": "/nix/store/fbf8p4kg86xbd7sp0d7d6h1v9zjlm886-rerun-0.28.1",
              "default": true
            },
            {
              "name": "dev",
              "path": "/nix/store/0j91clbcwy9nafqhgkrx2ncy2pqpdrsw-rerun-0.28.1-dev"
            }
          ],
          "store_path": "/nix/store/fbf8p4kg86xbd7sp0d7d6h1v9zjlm886-rerun-0.28.1"
        },
        "aarch64-linux": {
          "outputs": [
            {
              "name": "out",
              "path": "/nix/store/8fpih0hdljwy97zn7w0av2ndzmgia40r-rerun-0.28.1",
              "default": true
            },
            {
              "name": "dev",
              "path": "/nix/store/jl5sxmnx911b4k74xi21rx708mxhjfsz-rerun-0.28.1-dev"
            }
          ],
          "store_path": "/nix/store/8fpih0hdljwy97zn7w0av2ndzmgia40r-rerun-0.28.1"
        },
        "x86_64-darwin": {
          "outputs": [
            {
              "name": "out",
              "path": "/nix/store/z11wkqjc0dd337bp8c4nx5s7awa68i5d-rerun-0.28.1",
              "default": true
            },
            {
              "name": "dev",
              "path": "/nix/store/yffngp5690avla9p4mf5rw5nhlrmxf92-rerun-0.28.1-dev"
            }
          ],
          "store_path": "/nix/store/z11wkqjc0dd337bp8c4nx5s7awa68i5d-rerun-0.28.1"
        },
        "x86_64-linux": {
          "outputs": [
            {
              "name": "out",
              "path": "/nix/store/r6gk3fhh9fciy7vxrbg00rb9nkp3alb3-rerun-0.28.1",
              "default": true
            },
            {
              "name": "dev",
              "path": "/nix/store/0asdv48vi3zcg7h29gmcyxd9p3a5kviv-rerun-0.28.1-dev"
            }
          ],
          "store_path": "/nix/store/r6gk3fhh9fciy7vxrbg00rb9nkp3alb3-rerun-0.28.1"
        }
      }
    },
    "stdenv@latest": {
      "last_modified": "2023-02-24T09:01:09Z",
      "resolved": "github:NixOS/nixpkgs/7d0ed7f2e5aea07ab22ccb338d27fbe347ed2f11#stdenv",
      "source": "devbox-search"
    },
    "xmake@latest": {
      "last_modified": "2025-12-22T13:40:18Z",
      "resolved": "github:NixOS/nixpkgs/3a7affa77a5a539afa1c7859e2c31abdb1aeadf3#xmake",
      "source": "devbox-search",
      "version": "3.0.5",
      "systems": {
        "aarch64-darwin": {
          "outputs": [
            {
              "name": "out",
              "path": "/nix/store/9qnfxj9g17mr4897hcj21zv3nq0gz23d-xmake-3.0.5",
              "default": true
            }
          ],
          "store_path": "/nix/store/9qnfxj9g17mr4897hcj21zv3nq0gz23d-xmake-3.0.5"
        },
        "aarch64-linux": {
          "outputs": [
            {
              "name": "out",
              "path": "/nix/store/a7jgrvz0irkp014r6h854ls11kbl3hhf-xmake-3.0.5",
              "default": true
            }
          ],
          "store_path": "/nix/store/a7jgrvz0irkp014r6h854ls11kbl3hhf-xmake-3.0.5"
        },
        "x86_64-darwin": {
          "outputs": [
            {
              "name": "out",
              "path": "/nix/store/n1ac38xb68rh022zgd7gkrlsyl3zvkm3-xmake-3.0.5",
              "default": true
            }
          ],
          "store_path": "/nix/store/n1ac38xb68rh022zgd7gkrlsyl3zvkm3-xmake-3.0.5"
        },
        "x86_64-linux": {
          "outputs": [
            {
              "name": "out",
              "path": "/nix/store/l0wrgnzlrynikjvhd1vy0h77jsc0lzac-xmake-3.0.5",
              "default": true
            }
          ],
          "store_path": "/nix/store/l0wrgnzlrynikjvhd1vy0h77jsc0lzac-xmake-3.0.5"
        }
      }
    },
    "zig@latest": {
      "last_modified": "2025-11-23T21:50:36Z",
      "resolved": "github:NixOS/nixpkgs/ee09932cedcef15aaf476f9343d1dea2cb77e261#zig",
      "source": "devbox-search",
      "version": "0.15.2",
      "systems": {
        "aarch64-darwin": {
          "outputs": [
            {
              "name": "out",
              "path": "/nix/store/h5zqw1lr8i0pwqpkkl3lbid06f9dprw0-zig-0.15.2",
              "default": true
            },
            {
              "name": "doc",
              "path": "/nix/store/pkr2y19zac7gls2mr5fjwkxr9kbj632h-zig-0.15.2-doc"
            }
          ],
          "store_path": "/nix/store/h5zqw1lr8i0pwqpkkl3lbid06f9dprw0-zig-0.15.2"
        },
        "aarch64-linux": {
          "outputs": [
            {
              "name": "out",
              "path": "/nix/store/qn6da3g7qdwdxd2csdm1aj25zilkcl30-zig-0.15.2",
              "default": true
            },
            {
              "name": "doc",
              "path": "/nix/store/j22h1s5gc972wvsqzqj0m5vzrcqkd676-zig-0.15.2-doc"
            }
          ],
          "store_path": "/nix/store/qn6da3g7qdwdxd2csdm1aj25zilkcl30-zig-0.15.2"
        },
        "x86_64-darwin": {
          "outputs": [
            {
              "name": "out",
              "path": "/nix/store/fqhwfl5pyh3359naslzswsaw9ng51gly-zig-0.15.2",
              "default": true
            },
            {
              "name": "doc",
              "path": "/nix/store/jipcmr5blz3nxwncl1lxy5cvsfiq8w40-zig-0.15.2-doc"
            }
          ],
          "store_path": "/nix/store/fqhwfl5pyh3359naslzswsaw9ng51gly-zig-0.15.2"
        },
        "x86_64-linux": {
          "outputs": [
            {
              "name": "out",
              "path": "/nix/store/iyv5lnq9cwlsixg357zv8zcp4pv2q7ml-zig-0.15.2",
              "default": true
            },
            {
              "name": "doc",
              "path": "/nix/store/vssw4zdhhvjlgmjkxwws8q8vz7fyxd92-zig-0.15.2-doc"
            }
          ],
          "store_path": "/nix/store/iyv5lnq9cwlsixg357zv8zcp4pv2q7ml-zig-0.15.2"
        }
      }
    }
  }
}
